
Microsoft Visual Studio Solution File, Format Version 12.00
# Visual Studio Version 16
VisualStudioVersion = 16.0.31515.178
MinimumVisualStudioVersion = 10.0.40219.1
Project("{9A19103F-16F7-4668-BE54-9A1E7A4F7556}") = "SoftplanApi2", "SoftplanApi2\SoftplanApi2.csproj", "{E4077C7B-4B68-4A6E-8909-C9F12926B96A}"
EndProject
Project("{FAE04EC0-301F-11D3-BF4B-00C04F79EFBC}") = "SoftplanApi2Test", "SoftplanApi2Test\SoftplanApi2Test.csproj", "{6F65098B-A31A-415D-9F73-F9BD96D5225F}"
EndProject
Global
	GlobalSection(SolutionConfigurationPlatforms) = preSolution
		Debug|Any CPU = Debug|Any CPU
		Release|Any CPU = Release|Any CPU
	EndGlobalSection
	GlobalSection(ProjectConfigurationPlatforms) = postSolution
		{E4077C7B-4B68-4A6E-8909-C9F12926B96A}.Debug|Any CPU.ActiveCfg = Debug|Any CPU
		{E4077C7B-4B68-4A6E-8909-C9F12926B96A}.Debug|Any CPU.Build.0 = Debug|Any CPU
		{E4077C7B-4B68-4A6E-8909-C9F12926B96A}.Release|Any CPU.ActiveCfg = Release|Any CPU
		{E4077C7B-4B68-4A6E-8909-C9F12926B96A}.Release|Any CPU.Build.0 = Release|Any CPU
		{6F65098B-A31A-415D-9F73-F9BD96D5225F}.Debug|Any CPU.ActiveCfg = Debug|Any CPU
		{6F65098B-A31A-415D-9F73-F9BD96D5225F}.Debug|Any CPU.Build.0 = Debug|Any CPU
		{6F65098B-A31A-415D-9F73-F9BD96D5225F}.Release|Any CPU.ActiveCfg = Release|Any CPU
		{6F65098B-A31A-415D-9F73-F9BD96D5225F}.Release|Any CPU.Build.0 = Release|Any CPU
	EndGlobalSection
	GlobalSection(SolutionProperties) = preSolution
		HideSolutionNode = FALSE
	EndGlobalSection
	GlobalSection(ExtensibilityGlobals) = postSolution
		SolutionGuid = {FBBD6D54-5469-4F9E-A473-6F0ADB70DF23}
	EndGlobalSection
EndGlobal
