
Microsoft Visual Studio Solution File, Format Version 12.00
# Visual Studio Version 16
VisualStudioVersion = 16.0.31515.178
MinimumVisualStudioVersion = 10.0.40219.1
Project("{FAE04EC0-301F-11D3-BF4B-00C04F79EFBC}") = "SoftplanApi1", "SoftplanApi1\SoftplanApi1.csproj", "{5FA8B786-79F7-499D-A45E-EA66A3B5CF5D}"
EndProject
Global
	GlobalSection(SolutionConfigurationPlatforms) = preSolution
		Debug|Any CPU = Debug|Any CPU
		Release|Any CPU = Release|Any CPU
	EndGlobalSection
	GlobalSection(ProjectConfigurationPlatforms) = postSolution
		{5FA8B786-79F7-499D-A45E-EA66A3B5CF5D}.Debug|Any CPU.ActiveCfg = Debug|Any CPU
		{5FA8B786-79F7-499D-A45E-EA66A3B5CF5D}.Debug|Any CPU.Build.0 = Debug|Any CPU
		{5FA8B786-79F7-499D-A45E-EA66A3B5CF5D}.Release|Any CPU.ActiveCfg = Release|Any CPU
		{5FA8B786-79F7-499D-A45E-EA66A3B5CF5D}.Release|Any CPU.Build.0 = Release|Any CPU
	EndGlobalSection
	GlobalSection(SolutionProperties) = preSolution
		HideSolutionNode = FALSE
	EndGlobalSection
	GlobalSection(ExtensibilityGlobals) = postSolution
		SolutionGuid = {2E145D08-C47B-431D-B23B-AB50B7BBCA67}
	EndGlobalSection
EndGlobal
